
Microsoft Visual Studio Solution File, Format Version 12.00
# Visual Studio Version 16
VisualStudioVersion = 16.0.29319.158
MinimumVisualStudioVersion = 10.0.40219.1
Project("{FAE04EC0-301F-11D3-BF4B-00C04F79EFBC}") = "ProyectoVotaciones", "ProyectoVotaciones\ProyectoVotaciones.csproj", "{B0A71B5B-D806-4733-B3F3-F438A216C942}"
EndProject
Project("{9A19103F-16F7-4668-BE54-9A1E7A4F7556}") = "Source", "Source\Source.csproj", "{646FF9C2-BDC7-4AA3-8157-6CECE89F68CB}"
EndProject
Project("{FAE04EC0-301F-11D3-BF4B-00C04F79EFBC}") = "SignalRChat", "SignalRChat\SignalRChat.csproj", "{994CC517-8015-4EBD-90DD-0A6DD5384288}"
EndProject
Global
	GlobalSection(SolutionConfigurationPlatforms) = preSolution
		Debug|Any CPU = Debug|Any CPU
		Release|Any CPU = Release|Any CPU
	EndGlobalSection
	GlobalSection(ProjectConfigurationPlatforms) = postSolution
		{B0A71B5B-D806-4733-B3F3-F438A216C942}.Debug|Any CPU.ActiveCfg = Debug|Any CPU
		{B0A71B5B-D806-4733-B3F3-F438A216C942}.Debug|Any CPU.Build.0 = Debug|Any CPU
		{B0A71B5B-D806-4733-B3F3-F438A216C942}.Release|Any CPU.ActiveCfg = Release|Any CPU
		{B0A71B5B-D806-4733-B3F3-F438A216C942}.Release|Any CPU.Build.0 = Release|Any CPU
		{646FF9C2-BDC7-4AA3-8157-6CECE89F68CB}.Debug|Any CPU.ActiveCfg = Debug|Any CPU
		{646FF9C2-BDC7-4AA3-8157-6CECE89F68CB}.Debug|Any CPU.Build.0 = Debug|Any CPU
		{646FF9C2-BDC7-4AA3-8157-6CECE89F68CB}.Release|Any CPU.ActiveCfg = Release|Any CPU
		{646FF9C2-BDC7-4AA3-8157-6CECE89F68CB}.Release|Any CPU.Build.0 = Release|Any CPU
		{994CC517-8015-4EBD-90DD-0A6DD5384288}.Debug|Any CPU.ActiveCfg = Debug|Any CPU
		{994CC517-8015-4EBD-90DD-0A6DD5384288}.Debug|Any CPU.Build.0 = Debug|Any CPU
		{994CC517-8015-4EBD-90DD-0A6DD5384288}.Release|Any CPU.ActiveCfg = Release|Any CPU
		{994CC517-8015-4EBD-90DD-0A6DD5384288}.Release|Any CPU.Build.0 = Release|Any CPU
	EndGlobalSection
	GlobalSection(SolutionProperties) = preSolution
		HideSolutionNode = FALSE
	EndGlobalSection
	GlobalSection(ExtensibilityGlobals) = postSolution
		SolutionGuid = {91619E99-C979-4264-ABF5-45B549826E77}
	EndGlobalSection
EndGlobal
